{
  "name": "inteligencia-artificial",
  "version": "1.0.0",
  "lockfileVersion": 1,
  "requires": true,
  "dependencies": {
    "microkernel-artificial-inteligency": {
      "version": "1.0.0",
      "resolved": "https://registry.npmjs.org/microkernel-artificial-inteligency/-/microkernel-artificial-inteligency-1.0.0.tgz",
      "integrity": "sha512-G3zRoWr2m8bvjqUGlgTWed/2PjnuJpd6cjtFGXbeC0QMjuX7GWzv1QjwdE0eAmpuG7Mu0RcralxfSim8FB5DRA=="
    }
  }
}
